
Microsoft Visual Studio Solution File, Format Version 12.00
# Visual Studio Version 17
VisualStudioVersion = 17.9.34902.65
MinimumVisualStudioVersion = 10.0.40219.1
Project("{9A19103F-16F7-4668-BE54-9A1E7A4F7556}") = "HotelReservationSystem", "HotelReservationSystem\HotelReservationSystem.csproj", "{DFA41BAD-FC24-4BB4-B67F-DC6152B0CAA5}"
EndProject
Global
	GlobalSection(SolutionConfigurationPlatforms) = preSolution
		Debug|Any CPU = Debug|Any CPU
		Release|Any CPU = Release|Any CPU
	EndGlobalSection
	GlobalSection(ProjectConfigurationPlatforms) = postSolution
		{DFA41BAD-FC24-4BB4-B67F-DC6152B0CAA5}.Debug|Any CPU.ActiveCfg = Debug|Any CPU
		{DFA41BAD-FC24-4BB4-B67F-DC6152B0CAA5}.Debug|Any CPU.Build.0 = Debug|Any CPU
		{DFA41BAD-FC24-4BB4-B67F-DC6152B0CAA5}.Release|Any CPU.ActiveCfg = Release|Any CPU
		{DFA41BAD-FC24-4BB4-B67F-DC6152B0CAA5}.Release|Any CPU.Build.0 = Release|Any CPU
	EndGlobalSection
	GlobalSection(SolutionProperties) = preSolution
		HideSolutionNode = FALSE
	EndGlobalSection
	GlobalSection(ExtensibilityGlobals) = postSolution
		SolutionGuid = {E3F6FD59-6D0A-4BF4-A719-9F32DA0F5624}
	EndGlobalSection
EndGlobal
